Microsoft Visual Studio Solution File, Format Version 12.00
# Visual Studio Version 17
VisualStudioVersion = 17.5.2.0
MinimumVisualStudioVersion = 10.0.40219.1
Project("{FAE04EC0-301F-11D3-BF4B-00C04F79EFBC}") = "DivineCoreS.HRMS", "DivineCoreS.HRMS.csproj", "{550D04C8-0E38-3BA6-99C7-DB5FA97D2ADD}"
EndProject
Global
	GlobalSection(SolutionConfigurationPlatforms) = preSolution
		Debug|Any CPU = Debug|Any CPU
		Release|Any CPU = Release|Any CPU
	EndGlobalSection
	GlobalSection(ProjectConfigurationPlatforms) = postSolution
		{550D04C8-0E38-3BA6-99C7-DB5FA97D2ADD}.Debug|Any CPU.ActiveCfg = Debug|Any CPU
		{550D04C8-0E38-3BA6-99C7-DB5FA97D2ADD}.Debug|Any CPU.Build.0 = Debug|Any CPU
		{550D04C8-0E38-3BA6-99C7-DB5FA97D2ADD}.Release|Any CPU.ActiveCfg = Release|Any CPU
		{550D04C8-0E38-3BA6-99C7-DB5FA97D2ADD}.Release|Any CPU.Build.0 = Release|Any CPU
	EndGlobalSection
	GlobalSection(SolutionProperties) = preSolution
		HideSolutionNode = FALSE
	EndGlobalSection
	GlobalSection(ExtensibilityGlobals) = postSolution
		SolutionGuid = {E539C811-2616-42D2-A3A7-CE4EE86AE564}
	EndGlobalSection
EndGlobal
